{
  "nodes": {
    "nixpkgs": {
      "locked": {
        "lastModified": 1725099143,
        "narHash": "sha256-CHgumPZaC7z+WYx72WgaLt2XF0yUVzJS60rO4GZ7ytY=",
        "owner": "nixos",
        "repo": "nixpkgs",
        "rev": "5629520edecb69630a3f4d17d3d33fc96c13f6fe",
        "type": "github"
      },
      "original": {
        "owner": "nixos",
        "ref": "nixpkgs-unstable",
        "repo": "nixpkgs",
        "type": "github"
      }
    },
    "nvchad-starter": {
      "flake": false,
      "locked": {
        "lastModified": 1723385181,
        "narHash": "sha256-J0iB+5aRuirhF91CnFfG8hDmkY5jOT2QlHrkoku3WVw=",
        "owner": "NvChad",
        "repo": "starter",
        "rev": "3e1667ef3c5c5f74ba0783eb50984f5e2700948c",
        "type": "github"
      },
      "original": {
        "owner": "NvChad",
        "ref": "main",
        "repo": "starter",
        "type": "github"
      }
    },
    "root": {
      "inputs": {
        "nixpkgs": "nixpkgs",
        "nvchad-starter": "nvchad-starter"
      }
    }
  },
  "root": "root",
  "version": 7
}
