{
  "nodes": {
    "nixpkgs": {
      "locked": {
        "lastModified": 1745900683,
        "narHash": "sha256-ZGi2gjgPtmPmplCVz7dNufqkBr00g6EeAloX3GrFQls=",
        "owner": "nixos",
        "repo": "nixpkgs",
        "rev": "ffa0bb043c25cfc79ff3bc20ba2e44c3724499b1",
        "type": "github"
      },
      "original": {
        "owner": "nixos",
        "ref": "nixpkgs-unstable",
        "repo": "nixpkgs",
        "type": "github"
      }
    },
    "nvchad-starter": {
      "flake": false,
      "locked": {
        "lastModified": 1744683935,
        "narHash": "sha256-3ev7kaDwFW9llqdnXUAKnSgXIhQlsipxVkyNNYZFzJg=",
        "owner": "NvChad",
        "repo": "starter",
        "rev": "85404dcb03bda6badc55cec998b3bdbe76b81138",
        "type": "github"
      },
      "original": {
        "owner": "NvChad",
        "ref": "main",
        "repo": "starter",
        "type": "github"
      }
    },
    "root": {
      "inputs": {
        "nixpkgs": "nixpkgs",
        "nvchad-starter": "nvchad-starter"
      }
    }
  },
  "root": "root",
  "version": 7
}
